// !$*UTF8*$!
{
	archiveVersion = 1;
	classes = {
	};
	objectVersion = 51;
	objects = {

/* Begin PBXBuildFile section */
		5519D5ED255D2EDA00D6B5C6 /* SetLocation.swift in Sources */ = {isa = PBXBuildFile; fileRef = 5519D5EC255D2EDA00D6B5C6 /* SetLocation.swift */; };
		5519D608255D7B2600D6B5C6 /* CastomAlert.swift in Sources */ = {isa = PBXBuildFile; fileRef = 5519D607255D7B2600D6B5C6 /* CastomAlert.swift */; };
		5519D60B255D7CD700D6B5C6 /* AlertPopUpView.swift in Sources */ = {isa = PBXBuildFile; fileRef = 5519D60A255D7CD700D6B5C6 /* AlertPopUpView.swift */; };
		5519D618255D933F00D6B5C6 /* UIView+Message.swift in Sources */ = {isa = PBXBuildFile; fileRef = 5519D617255D933F00D6B5C6 /* UIView+Message.swift */; };
		55359EAE255C227B003E3561 /* LocationModel.swift in Sources */ = {isa = PBXBuildFile; fileRef = 55359EAD255C227B003E3561 /* LocationModel.swift */; };
		55359EB3255C2706003E3561 /* Strings.swift in Sources */ = {isa = PBXBuildFile; fileRef = 55359EB2255C2706003E3561 /* Strings.swift */; };
		55359EB6255C2BA3003E3561 /* ColorEnum.swift in Sources */ = {isa = PBXBuildFile; fileRef = 55359EB5255C2BA3003E3561 /* ColorEnum.swift */; };
		55846524255BE9FA002F894E /* mapsCoreData.xcdatamodeld in Sources */ = {isa = PBXBuildFile; fileRef = 55846522255BE9FA002F894E /* mapsCoreData.xcdatamodeld */; };
		55A4020D255C3E1A00B3A4A4 /* SetMarker.swift in Sources */ = {isa = PBXBuildFile; fileRef = 55A4020C255C3E1A00B3A4A4 /* SetMarker.swift */; };
		55A40218255C457500B3A4A4 /* extensionColor.swift in Sources */ = {isa = PBXBuildFile; fileRef = 55A40217255C457500B3A4A4 /* extensionColor.swift */; };
		55D136B72554548000A02A65 /* AppDelegate.swift in Sources */ = {isa = PBXBuildFile; fileRef = 55D136B62554548000A02A65 /* AppDelegate.swift */; };
		55D136B92554548000A02A65 /* SceneDelegate.swift in Sources */ = {isa = PBXBuildFile; fileRef = 55D136B82554548000A02A65 /* SceneDelegate.swift */; };
		55D136BB2554548000A02A65 /* ViewController.swift in Sources */ = {isa = PBXBuildFile; fileRef = 55D136BA2554548000A02A65 /* ViewController.swift */; };
		55D136BE2554548000A02A65 /* Main.storyboard in Resources */ = {isa = PBXBuildFile; fileRef = 55D136BC2554548000A02A65 /* Main.storyboard */; };
		55D136C02554548500A02A65 /* Assets.xcassets in Resources */ = {isa = PBXBuildFile; fileRef = 55D136BF2554548500A02A65 /* Assets.xcassets */; };
		55D136C32554548500A02A65 /* LaunchScreen.storyboard in Resources */ = {isa = PBXBuildFile; fileRef = 55D136C12554548500A02A65 /* LaunchScreen.storyboard */; };
		776C6693AA6352B6EFBAA54A /* libPods-VasyaMaps.a in Frameworks */ = {isa = PBXBuildFile; fileRef = 04CF5C54F4F0A669E5CE31B7 /* libPods-VasyaMaps.a */; };
/* End PBXBuildFile section */

/* Begin PBXFileReference section */
		04CF5C54F4F0A669E5CE31B7 /* libPods-VasyaMaps.a */ = {isa = PBXFileReference; explicitFileType = archive.ar; includeInIndex = 0; path = "libPods-VasyaMaps.a"; sourceTree = BUILT_PRODUCTS_DIR; };
		4FD03AD6A34CC77E4033AECE /* Pods-VasyaMaps.debug.xcconfig */ = {isa = PBXFileReference; includeInIndex = 1; lastKnownFileType = text.xcconfig; name = "Pods-VasyaMaps.debug.xcconfig"; path = "Target Support Files/Pods-VasyaMaps/Pods-VasyaMaps.debug.xcconfig"; sourceTree = "<group>"; };
		5519D5EC255D2EDA00D6B5C6 /* SetLocation.swift */ = {isa = PBXFileReference; lastKnownFileType = sourcecode.swift; path = SetLocation.swift; sourceTree = "<group>"; };
		5519D607255D7B2600D6B5C6 /* CastomAlert.swift */ = {isa = PBXFileReference; lastKnownFileType = sourcecode.swift; path = CastomAlert.swift; sourceTree = "<group>"; };
		5519D60A255D7CD700D6B5C6 /* AlertPopUpView.swift */ = {isa = PBXFileReference; lastKnownFileType = sourcecode.swift; path = AlertPopUpView.swift; sourceTree = "<group>"; };
		5519D617255D933F00D6B5C6 /* UIView+Message.swift */ = {isa = PBXFileReference; fileEncoding = 4; lastKnownFileType = sourcecode.swift; path = "UIView+Message.swift"; sourceTree = "<group>"; };
		55359EAD255C227B003E3561 /* LocationModel.swift */ = {isa = PBXFileReference; lastKnownFileType = sourcecode.swift; path = LocationModel.swift; sourceTree = "<group>"; };
		55359EB2255C2706003E3561 /* Strings.swift */ = {isa = PBXFileReference; lastKnownFileType = sourcecode.swift; path = Strings.swift; sourceTree = "<group>"; };
		55359EB5255C2BA3003E3561 /* ColorEnum.swift */ = {isa = PBXFileReference; lastKnownFileType = sourcecode.swift; path = ColorEnum.swift; sourceTree = "<group>"; };
		55846523255BE9FA002F894E /* mapsCoreData.xcdatamodel */ = {isa = PBXFileReference; lastKnownFileType = wrapper.xcdatamodel; path = mapsCoreData.xcdatamodel; sourceTree = "<group>"; };
		55A4020C255C3E1A00B3A4A4 /* SetMarker.swift */ = {isa = PBXFileReference; lastKnownFileType = sourcecode.swift; path = SetMarker.swift; sourceTree = "<group>"; };
		55A40217255C457500B3A4A4 /* extensionColor.swift */ = {isa = PBXFileReference; lastKnownFileType = sourcecode.swift; path = extensionColor.swift; sourceTree = "<group>"; };
		55D136B32554548000A02A65 /* VasyaMaps.app */ = {isa = PBXFileReference; explicitFileType = wrapper.application; includeInIndex = 0; path = VasyaMaps.app; sourceTree = BUILT_PRODUCTS_DIR; };
		55D136B62554548000A02A65 /* AppDelegate.swift */ = {isa = PBXFileReference; lastKnownFileType = sourcecode.swift; path = AppDelegate.swift; sourceTree = "<group>"; };
		55D136B82554548000A02A65 /* SceneDelegate.swift */ = {isa = PBXFileReference; lastKnownFileType = sourcecode.swift; path = SceneDelegate.swift; sourceTree = "<group>"; };
		55D136BA2554548000A02A65 /* ViewController.swift */ = {isa = PBXFileReference; lastKnownFileType = sourcecode.swift; path = ViewController.swift; sourceTree = "<group>"; };
		55D136BD2554548000A02A65 /* Base */ = {isa = PBXFileReference; lastKnownFileType = file.storyboard; name = Base; path = Base.lproj/Main.storyboard; sourceTree = "<group>"; };
		55D136BF2554548500A02A65 /* Assets.xcassets */ = {isa = PBXFileReference; lastKnownFileType = folder.assetcatalog; path = Assets.xcassets; sourceTree = "<group>"; };
		55D136C22554548500A02A65 /* Base */ = {isa = PBXFileReference; lastKnownFileType = file.storyboard; name = Base; path = Base.lproj/LaunchScreen.storyboard; sourceTree = "<group>"; };
		55D136C42554548500A02A65 /* Info.plist */ = {isa = PBXFileReference; lastKnownFileType = text.plist.xml; path = Info.plist; sourceTree = "<group>"; };
		CC1FDB7C0C4A1A60B784C9A2 /* Pods-VasyaMaps.release.xcconfig */ = {isa = PBXFileReference; includeInIndex = 1; lastKnownFileType = text.xcconfig; name = "Pods-VasyaMaps.release.xcconfig"; path = "Target Support Files/Pods-VasyaMaps/Pods-VasyaMaps.release.xcconfig"; sourceTree = "<group>"; };
/* End PBXFileReference section */

/* Begin PBXFrameworksBuildPhase section */
		55D136B02554548000A02A65 /* Frameworks */ = {
			isa = PBXFrameworksBuildPhase;
			buildActionMask = 2147483647;
			files = (
				776C6693AA6352B6EFBAA54A /* libPods-VasyaMaps.a in Frameworks */,
			);
			runOnlyForDeploymentPostprocessing = 0;
		};
/* End PBXFrameworksBuildPhase section */

/* Begin PBXGroup section */
		55359EBF255C2EB4003E3561 /* Model */ = {
			isa = PBXGroup;
			children = (
				5519D617255D933F00D6B5C6 /* UIView+Message.swift */,
				55359EAD255C227B003E3561 /* LocationModel.swift */,
				55A4020C255C3E1A00B3A4A4 /* SetMarker.swift */,
				5519D5EC255D2EDA00D6B5C6 /* SetLocation.swift */,
				5519D607255D7B2600D6B5C6 /* CastomAlert.swift */,
				5519D60A255D7CD700D6B5C6 /* AlertPopUpView.swift */,
			);
			path = Model;
			sourceTree = "<group>";
		};
		55359EC1255C2ECA003E3561 /* Engine */ = {
			isa = PBXGroup;
			children = (
				55359EB2255C2706003E3561 /* Strings.swift */,
				55359EB5255C2BA3003E3561 /* ColorEnum.swift */,
				55A40217255C457500B3A4A4 /* extensionColor.swift */,
			);
			path = Engine;
			sourceTree = "<group>";
		};
		55846526255BEA0F002F894E /* CoreData */ = {
			isa = PBXGroup;
			children = (
				55846522255BE9FA002F894E /* mapsCoreData.xcdatamodeld */,
			);
			path = CoreData;
			sourceTree = "<group>";
		};
		55846527255BEA30002F894E /* Storyboard */ = {
			isa = PBXGroup;
			children = (
				55D136BC2554548000A02A65 /* Main.storyboard */,
			);
			path = Storyboard;
			sourceTree = "<group>";
		};
		55D136AA2554548000A02A65 = {
			isa = PBXGroup;
			children = (
				55D136B52554548000A02A65 /* VasyaMaps */,
				55D136B42554548000A02A65 /* Products */,
				AF3E3FD5D1F21C7D540FD4AD /* Pods */,
				DBFA4E5E228D4E2CAB8CF1F5 /* Frameworks */,
			);
			sourceTree = "<group>";
		};
		55D136B42554548000A02A65 /* Products */ = {
			isa = PBXGroup;
			children = (
				55D136B32554548000A02A65 /* VasyaMaps.app */,
			);
			name = Products;
			sourceTree = "<group>";
		};
		55D136B52554548000A02A65 /* VasyaMaps */ = {
			isa = PBXGroup;
			children = (
				55359EC1255C2ECA003E3561 /* Engine */,
				55359EBF255C2EB4003E3561 /* Model */,
				55846527255BEA30002F894E /* Storyboard */,
				55846526255BEA0F002F894E /* CoreData */,
				55D136B62554548000A02A65 /* AppDelegate.swift */,
				55D136B82554548000A02A65 /* SceneDelegate.swift */,
				55D136BA2554548000A02A65 /* ViewController.swift */,
				55D136BF2554548500A02A65 /* Assets.xcassets */,
				55D136C12554548500A02A65 /* LaunchScreen.storyboard */,
				55D136C42554548500A02A65 /* Info.plist */,
			);
			path = VasyaMaps;
			sourceTree = "<group>";
		};
		AF3E3FD5D1F21C7D540FD4AD /* Pods */ = {
			isa = PBXGroup;
			children = (
				4FD03AD6A34CC77E4033AECE /* Pods-VasyaMaps.debug.xcconfig */,
				CC1FDB7C0C4A1A60B784C9A2 /* Pods-VasyaMaps.release.xcconfig */,
			);
			path = Pods;
			sourceTree = "<group>";
		};
		DBFA4E5E228D4E2CAB8CF1F5 /* Frameworks */ = {
			isa = PBXGroup;
			children = (
				04CF5C54F4F0A669E5CE31B7 /* libPods-VasyaMaps.a */,
			);
			name = Frameworks;
			sourceTree = "<group>";
		};
/* End PBXGroup section */

/* Begin PBXNativeTarget section */
		55D136B22554548000A02A65 /* VasyaMaps */ = {
			isa = PBXNativeTarget;
			buildConfigurationList = 55D136C72554548500A02A65 /* Build configuration list for PBXNativeTarget "VasyaMaps" */;
			buildPhases = (
				77467ECC9B1BFB8B21B0DD4C /* [CP] Check Pods Manifest.lock */,
				55D136AF2554548000A02A65 /* Sources */,
				55D136B02554548000A02A65 /* Frameworks */,
				55D136B12554548000A02A65 /* Resources */,
				5B49E44ABFC678D41E840B6B /* [CP] Copy Pods Resources */,
			);
			buildRules = (
			);
			dependencies = (
			);
			name = VasyaMaps;
			productName = VasyaMaps;
			productReference = 55D136B32554548000A02A65 /* VasyaMaps.app */;
			productType = "com.apple.product-type.application";
		};
/* End PBXNativeTarget section */

/* Begin PBXProject section */
		55D136AB2554548000A02A65 /* Project object */ = {
			isa = PBXProject;
			attributes = {
				LastSwiftUpdateCheck = 1200;
				LastUpgradeCheck = 1200;
				TargetAttributes = {
					55D136B22554548000A02A65 = {
						CreatedOnToolsVersion = 12.0;
					};
				};
			};
			buildConfigurationList = 55D136AE2554548000A02A65 /* Build configuration list for PBXProject "VasyaMaps" */;
			compatibilityVersion = "Xcode 9.3";
			developmentRegion = en;
			hasScannedForEncodings = 0;
			knownRegions = (
				en,
				Base,
			);
			mainGroup = 55D136AA2554548000A02A65;
			productRefGroup = 55D136B42554548000A02A65 /* Products */;
			projectDirPath = "";
			projectRoot = "";
			targets = (
				55D136B22554548000A02A65 /* VasyaMaps */,
			);
		};
/* End PBXProject section */

/* Begin PBXResourcesBuildPhase section */
		55D136B12554548000A02A65 /* Resources */ = {
			isa = PBXResourcesBuildPhase;
			buildActionMask = 2147483647;
			files = (
				55D136C32554548500A02A65 /* LaunchScreen.storyboard in Resources */,
				55D136C02554548500A02A65 /* Assets.xcassets in Resources */,
				55D136BE2554548000A02A65 /* Main.storyboard in Resources */,
			);
			runOnlyForDeploymentPostprocessing = 0;
		};
/* End PBXResourcesBuildPhase section */

/* Begin PBXShellScriptBuildPhase section */
		5B49E44ABFC678D41E840B6B /* [CP] Copy Pods Resources */ = {
			isa = PBXShellScriptBuildPhase;
			buildActionMask = 2147483647;
			files = (
			);
			inputFileListPaths = (
				"${PODS_ROOT}/Target Support Files/Pods-VasyaMaps/Pods-VasyaMaps-resources-${CONFIGURATION}-input-files.xcfilelist",
			);
			name = "[CP] Copy Pods Resources";
			outputFileListPaths = (
				"${PODS_ROOT}/Target Support Files/Pods-VasyaMaps/Pods-VasyaMaps-resources-${CONFIGURATION}-output-files.xcfilelist",
			);
			runOnlyForDeploymentPostprocessing = 0;
			shellPath = /bin/sh;
			shellScript = "\"${PODS_ROOT}/Target Support Files/Pods-VasyaMaps/Pods-VasyaMaps-resources.sh\"\n";
			showEnvVarsInLog = 0;
		};
		77467ECC9B1BFB8B21B0DD4C /* [CP] Check Pods Manifest.lock */ = {
			isa = PBXShellScriptBuildPhase;
			buildActionMask = 2147483647;
			files = (
			);
			inputFileListPaths = (
			);
			inputPaths = (
				"${PODS_PODFILE_DIR_PATH}/Podfile.lock",
				"${PODS_ROOT}/Manifest.lock",
			);
			name = "[CP] Check Pods Manifest.lock";
			outputFileListPaths = (
			);
			outputPaths = (
				"$(DERIVED_FILE_DIR)/Pods-VasyaMaps-checkManifestLockResult.txt",
			);
			runOnlyForDeploymentPostprocessing = 0;
			shellPath = /bin/sh;
			shellScript = "diff \"${PODS_PODFILE_DIR_PATH}/Podfile.lock\" \"${PODS_ROOT}/Manifest.lock\" > /dev/null\nif [ $? != 0 ] ; then\n    # print error to STDERR\n    echo \"error: The sandbox is not in sync with the Podfile.lock. Run 'pod install' or update your CocoaPods installation.\" >&2\n    exit 1\nfi\n# This output is used by Xcode 'outputs' to avoid re-running this script phase.\necho \"SUCCESS\" > \"${SCRIPT_OUTPUT_FILE_0}\"\n";
			showEnvVarsInLog = 0;
		};
/* End PBXShellScriptBuildPhase section */

/* Begin PBXSourcesBuildPhase section */
		55D136AF2554548000A02A65 /* Sources */ = {
			isa = PBXSourcesBuildPhase;
			buildActionMask = 2147483647;
			files = (
				55A4020D255C3E1A00B3A4A4 /* SetMarker.swift in Sources */,
				55D136BB2554548000A02A65 /* ViewController.swift in Sources */,
				5519D60B255D7CD700D6B5C6 /* AlertPopUpView.swift in Sources */,
				5519D618255D933F00D6B5C6 /* UIView+Message.swift in Sources */,
				55A40218255C457500B3A4A4 /* extensionColor.swift in Sources */,
				55846524255BE9FA002F894E /* mapsCoreData.xcdatamodeld in Sources */,
				55D136B72554548000A02A65 /* AppDelegate.swift in Sources */,
				55359EAE255C227B003E3561 /* LocationModel.swift in Sources */,
				55359EB3255C2706003E3561 /* Strings.swift in Sources */,
				5519D608255D7B2600D6B5C6 /* CastomAlert.swift in Sources */,
				5519D5ED255D2EDA00D6B5C6 /* SetLocation.swift in Sources */,
				55359EB6255C2BA3003E3561 /* ColorEnum.swift in Sources */,
				55D136B92554548000A02A65 /* SceneDelegate.swift in Sources */,
			);
			runOnlyForDeploymentPostprocessing = 0;
		};
/* End PBXSourcesBuildPhase section */

/* Begin PBXVariantGroup section */
		55D136BC2554548000A02A65 /* Main.storyboard */ = {
			isa = PBXVariantGroup;
			children = (
				55D136BD2554548000A02A65 /* Base */,
			);
			name = Main.storyboard;
			sourceTree = "<group>";
		};
		55D136C12554548500A02A65 /* LaunchScreen.storyboard */ = {
			isa = PBXVariantGroup;
			children = (
				55D136C22554548500A02A65 /* Base */,
			);
			name = LaunchScreen.storyboard;
			sourceTree = "<group>";
		};
/* End PBXVariantGroup section */

/* Begin XCBuildConfiguration section */
		55D136C52554548500A02A65 /* Debug */ = {
			isa = XCBuildConfiguration;
			buildSettings = {
				ALWAYS_SEARCH_USER_PATHS = NO;
				CLANG_ANALYZER_NONNULL = YES;
				CLANG_ANALYZER_NUMBER_OBJECT_CONVERSION = YES_AGGRESSIVE;
				CLANG_CXX_LANGUAGE_STANDARD = "gnu++14";
				CLANG_CXX_LIBRARY = "libc++";
				CLANG_ENABLE_MODULES = YES;
				CLANG_ENABLE_OBJC_ARC = YES;
				CLANG_ENABLE_OBJC_WEAK = YES;
				CLANG_WARN_BLOCK_CAPTURE_AUTORELEASING = YES;
				CLANG_WARN_BOOL_CONVERSION = YES;
				CLANG_WARN_COMMA = YES;
				CLANG_WARN_CONSTANT_CONVERSION = YES;
				CLANG_WARN_DEPRECATED_OBJC_IMPLEMENTATIONS = YES;
				CLANG_WARN_DIRECT_OBJC_ISA_USAGE = YES_ERROR;
				CLANG_WARN_DOCUMENTATION_COMMENTS = YES;
				CLANG_WARN_EMPTY_BODY = YES;
				CLANG_WARN_ENUM_CONVERSION = YES;
				CLANG_WARN_INFINITE_RECURSION = YES;
				CLANG_WARN_INT_CONVERSION = YES;
				CLANG_WARN_NON_LITERAL_NULL_CONVERSION = YES;
				CLANG_WARN_OBJC_IMPLICIT_RETAIN_SELF = YES;
				CLANG_WARN_OBJC_LITERAL_CONVERSION = YES;
				CLANG_WARN_OBJC_ROOT_CLASS = YES_ERROR;
				CLANG_WARN_QUOTED_INCLUDE_IN_FRAMEWORK_HEADER = YES;
				CLANG_WARN_RANGE_LOOP_ANALYSIS = YES;
				CLANG_WARN_STRICT_PROTOTYPES = YES;
				CLANG_WARN_SUSPICIOUS_MOVE = YES;
				CLANG_WARN_UNGUARDED_AVAILABILITY = YES_AGGRESSIVE;
				CLANG_WARN_UNREACHABLE_CODE = YES;
				CLANG_WARN__DUPLICATE_METHOD_MATCH = YES;
				COPY_PHASE_STRIP = NO;
				DEBUG_INFORMATION_FORMAT = dwarf;
				ENABLE_STRICT_OBJC_MSGSEND = YES;
				ENABLE_TESTABILITY = YES;
				GCC_C_LANGUAGE_STANDARD = gnu11;
				GCC_DYNAMIC_NO_PIC = NO;
				GCC_NO_COMMON_BLOCKS = YES;
				GCC_OPTIMIZATION_LEVEL = 0;
				GCC_PREPROCESSOR_DEFINITIONS = (
					"DEBUG=1",
					"$(inherited)",
				);
				GCC_WARN_64_TO_32_BIT_CONVERSION = YES;
				GCC_WARN_ABOUT_RETURN_TYPE = YES_ERROR;
				GCC_WARN_UNDECLARED_SELECTOR = YES;
				GCC_WARN_UNINITIALIZED_AUTOS = YES_AGGRESSIVE;
				GCC_WARN_UNUSED_FUNCTION = YES;
				GCC_WARN_UNUSED_VARIABLE = YES;
				IPHONEOS_DEPLOYMENT_TARGET = 14.0;
				MTL_ENABLE_DEBUG_INFO = INCLUDE_SOURCE;
				MTL_FAST_MATH = YES;
				ONLY_ACTIVE_ARCH = YES;
				SDKROOT = iphoneos;
				SWIFT_ACTIVE_COMPILATION_CONDITIONS = DEBUG;
				SWIFT_OPTIMIZATION_LEVEL = "-Onone";
			};
			name = Debug;
		};
		55D136C62554548500A02A65 /* Release */ = {
			isa = XCBuildConfiguration;
			buildSettings = {
				ALWAYS_SEARCH_USER_PATHS = NO;
				CLANG_ANALYZER_NONNULL = YES;
				CLANG_ANALYZER_NUMBER_OBJECT_CONVERSION = YES_AGGRESSIVE;
				CLANG_CXX_LANGUAGE_STANDARD = "gnu++14";
				CLANG_CXX_LIBRARY = "libc++";
				CLANG_ENABLE_MODULES = YES;
				CLANG_ENABLE_OBJC_ARC = YES;
				CLANG_ENABLE_OBJC_WEAK = YES;
				CLANG_WARN_BLOCK_CAPTURE_AUTORELEASING = YES;
				CLANG_WARN_BOOL_CONVERSION = YES;
				CLANG_WARN_COMMA = YES;
				CLANG_WARN_CONSTANT_CONVERSION = YES;
				CLANG_WARN_DEPRECATED_OBJC_IMPLEMENTATIONS = YES;
				CLANG_WARN_DIRECT_OBJC_ISA_USAGE = YES_ERROR;
				CLANG_WARN_DOCUMENTATION_COMMENTS = YES;
				CLANG_WARN_EMPTY_BODY = YES;
				CLANG_WARN_ENUM_CONVERSION = YES;
				CLANG_WARN_INFINITE_RECURSION = YES;
				CLANG_WARN_INT_CONVERSION = YES;
				CLANG_WARN_NON_LITERAL_NULL_CONVERSION = YES;
				CLANG_WARN_OBJC_IMPLICIT_RETAIN_SELF = YES;
				CLANG_WARN_OBJC_LITERAL_CONVERSION = YES;
				CLANG_WARN_OBJC_ROOT_CLASS = YES_ERROR;
				CLANG_WARN_QUOTED_INCLUDE_IN_FRAMEWORK_HEADER = YES;
				CLANG_WARN_RANGE_LOOP_ANALYSIS = YES;
				CLANG_WARN_STRICT_PROTOTYPES = YES;
				CLANG_WARN_SUSPICIOUS_MOVE = YES;
				CLANG_WARN_UNGUARDED_AVAILABILITY = YES_AGGRESSIVE;
				CLANG_WARN_UNREACHABLE_CODE = YES;
				CLANG_WARN__DUPLICATE_METHOD_MATCH = YES;
				COPY_PHASE_STRIP = NO;
				DEBUG_INFORMATION_FORMAT = "dwarf-with-dsym";
				ENABLE_NS_ASSERTIONS = NO;
				ENABLE_STRICT_OBJC_MSGSEND = YES;
				GCC_C_LANGUAGE_STANDARD = gnu11;
				GCC_NO_COMMON_BLOCKS = YES;
				GCC_WARN_64_TO_32_BIT_CONVERSION = YES;
				GCC_WARN_ABOUT_RETURN_TYPE = YES_ERROR;
				GCC_WARN_UNDECLARED_SELECTOR = YES;
				GCC_WARN_UNINITIALIZED_AUTOS = YES_AGGRESSIVE;
				GCC_WARN_UNUSED_FUNCTION = YES;
				GCC_WARN_UNUSED_VARIABLE = YES;
				IPHONEOS_DEPLOYMENT_TARGET = 14.0;
				MTL_ENABLE_DEBUG_INFO = NO;
				MTL_FAST_MATH = YES;
				SDKROOT = iphoneos;
				SWIFT_COMPILATION_MODE = wholemodule;
				SWIFT_OPTIMIZATION_LEVEL = "-O";
				VALIDATE_PRODUCT = YES;
			};
			name = Release;
		};
		55D136C82554548500A02A65 /* Debug */ = {
			isa = XCBuildConfiguration;
			baseConfigurationReference = 4FD03AD6A34CC77E4033AECE /* Pods-VasyaMaps.debug.xcconfig */;
			buildSettings = {
				ASSETCATALOG_COMPILER_APPICON_NAME = AppIcon;
				ASSETCATALOG_COMPILER_GLOBAL_ACCENT_COLOR_NAME = AccentColor;
				CODE_SIGN_IDENTITY = "Apple Development";
				CODE_SIGN_STYLE = Automatic;
				DEVELOPMENT_TEAM = S3J28J4J6D;
				INFOPLIST_FILE = VasyaMaps/Info.plist;
				IPHONEOS_DEPLOYMENT_TARGET = 14.1;
				LD_RUNPATH_SEARCH_PATHS = (
					"$(inherited)",
					"@executable_path/Frameworks",
				);
				PRODUCT_BUNDLE_IDENTIFIER = maps.VasyaMaps202021;
				PRODUCT_NAME = "$(TARGET_NAME)";
				PROVISIONING_PROFILE_SPECIFIER = "";
				SWIFT_VERSION = 5.0;
				TARGETED_DEVICE_FAMILY = 1;
			};
			name = Debug;
		};
		55D136C92554548500A02A65 /* Release */ = {
			isa = XCBuildConfiguration;
			baseConfigurationReference = CC1FDB7C0C4A1A60B784C9A2 /* Pods-VasyaMaps.release.xcconfig */;
			buildSettings = {
				ASSETCATALOG_COMPILER_APPICON_NAME = AppIcon;
				ASSETCATALOG_COMPILER_GLOBAL_ACCENT_COLOR_NAME = AccentColor;
				CODE_SIGN_IDENTITY = "Apple Development";
				CODE_SIGN_STYLE = Automatic;
				DEVELOPMENT_TEAM = S3J28J4J6D;
				INFOPLIST_FILE = VasyaMaps/Info.plist;
				IPHONEOS_DEPLOYMENT_TARGET = 14.1;
				LD_RUNPATH_SEARCH_PATHS = (
					"$(inherited)",
					"@executable_path/Frameworks",
				);
				PRODUCT_BUNDLE_IDENTIFIER = maps.VasyaMaps202021;
				PRODUCT_NAME = "$(TARGET_NAME)";
				PROVISIONING_PROFILE_SPECIFIER = "";
				SWIFT_VERSION = 5.0;
				TARGETED_DEVICE_FAMILY = 1;
			};
			name = Release;
		};
/* End XCBuildConfiguration section */

/* Begin XCConfigurationList section */
		55D136AE2554548000A02A65 /* Build configuration list for PBXProject "VasyaMaps" */ = {
			isa = XCConfigurationList;
			buildConfigurations = (
				55D136C52554548500A02A65 /* Debug */,
				55D136C62554548500A02A65 /* Release */,
			);
			defaultConfigurationIsVisible = 0;
			defaultConfigurationName = Release;
		};
		55D136C72554548500A02A65 /* Build configuration list for PBXNativeTarget "VasyaMaps" */ = {
			isa = XCConfigurationList;
			buildConfigurations = (
				55D136C82554548500A02A65 /* Debug */,
				55D136C92554548500A02A65 /* Release */,
			);
			defaultConfigurationIsVisible = 0;
			defaultConfigurationName = Release;
		};
/* End XCConfigurationList section */

/* Begin XCVersionGroup section */
		55846522255BE9FA002F894E /* mapsCoreData.xcdatamodeld */ = {
			isa = XCVersionGroup;
			children = (
				55846523255BE9FA002F894E /* mapsCoreData.xcdatamodel */,
			);
			currentVersion = 55846523255BE9FA002F894E /* mapsCoreData.xcdatamodel */;
			path = mapsCoreData.xcdatamodeld;
			sourceTree = "<group>";
			versionGroupType = wrapper.xcdatamodel;
		};
/* End XCVersionGroup section */
	};
	rootObject = 55D136AB2554548000A02A65 /* Project object */;
}
